
Microsoft Visual Studio Solution File, Format Version 12.00
# Visual Studio Version 17
VisualStudioVersion = 17.5.33530.505
MinimumVisualStudioVersion = 10.0.40219.1
Project("{FAE04EC0-301F-11D3-BF4B-00C04F79EFBC}") = "NorthWind", "NorthWind\NorthWind.csproj", "{16859F5A-6506-4041-92C2-98063B5A5A7E}"
EndProject
Global
	GlobalSection(SolutionConfigurationPlatforms) = preSolution
		Debug|Any CPU = Debug|Any CPU
		Release|Any CPU = Release|Any CPU
	EndGlobalSection
	GlobalSection(ProjectConfigurationPlatforms) = postSolution
		{16859F5A-6506-4041-92C2-98063B5A5A7E}.Debug|Any CPU.ActiveCfg = Debug|Any CPU
		{16859F5A-6506-4041-92C2-98063B5A5A7E}.Debug|Any CPU.Build.0 = Debug|Any CPU
		{16859F5A-6506-4041-92C2-98063B5A5A7E}.Release|Any CPU.ActiveCfg = Release|Any CPU
		{16859F5A-6506-4041-92C2-98063B5A5A7E}.Release|Any CPU.Build.0 = Release|Any CPU
	EndGlobalSection
	GlobalSection(SolutionProperties) = preSolution
		HideSolutionNode = FALSE
	EndGlobalSection
	GlobalSection(ExtensibilityGlobals) = postSolution
		SolutionGuid = {0D5165AF-D335-4350-AB1B-0284A42894CE}
	EndGlobalSection
EndGlobal
